
Microsoft Visual Studio Solution File, Format Version 10.00
# Visual C++ Express 2008
Project("{8BC9CEB8-8B4A-11D0-8D11-00A0C91BC942}") = "CrashRpt", "crashrpt\src\CrashRpt_vs2008.vcproj", "{9BE99719-AA32-4463-A011-B61D55F020D6}"
	ProjectSection(ProjectDependencies) = postProject
		{00929DA3-31A1-4853-ABCE-145385A4AC63} = {00929DA3-31A1-4853-ABCE-145385A4AC63}
	EndProjectSection
EndProject
Project("{8BC9CEB8-8B4A-11D0-8D11-00A0C91BC942}") = "crashcon", "crashcon\src\crashcon_vs2008.vcproj", "{26D45404-F202-438D-80D5-E1B57B7A22E1}"
	ProjectSection(ProjectDependencies) = postProject
		{9BE99719-AA32-4463-A011-B61D55F020D6} = {9BE99719-AA32-4463-A011-B61D55F020D6}
		{939312D6-690A-4103-92C5-4D89025BF10A} = {939312D6-690A-4103-92C5-4D89025BF10A}
	EndProjectSection
EndProject
Project("{8BC9CEB8-8B4A-11D0-8D11-00A0C91BC942}") = "CrashRptTest", "crashrpttest\src\CrashRptTest_vs2008.vcproj", "{97B22865-FFCE-4BD0-ABE5-3BE707B59B88}"
	ProjectSection(ProjectDependencies) = postProject
		{9BE99719-AA32-4463-A011-B61D55F020D6} = {9BE99719-AA32-4463-A011-B61D55F020D6}
		{939312D6-690A-4103-92C5-4D89025BF10A} = {939312D6-690A-4103-92C5-4D89025BF10A}
	EndProjectSection
EndProject
Project("{8BC9CEB8-8B4A-11D0-8D11-00A0C91BC942}") = "CrashSender", "crashsender\src\CrashSender_vs2008.vcproj", "{939312D6-690A-4103-92C5-4D89025BF10A}"
	ProjectSection(ProjectDependencies) = postProject
		{00929DA3-31A1-4853-ABCE-145385A4AC63} = {00929DA3-31A1-4853-ABCE-145385A4AC63}
	EndProjectSection
EndProject
Project("{8BC9CEB8-8B4A-11D0-8D11-00A0C91BC942}") = "zlib", "zlib\src\zlib_vs2008.vcproj", "{00929DA3-31A1-4853-ABCE-145385A4AC63}"
EndProject
Global
	GlobalSection(SolutionConfigurationPlatforms) = preSolution
		Debug|Win32 = Debug|Win32
		Release|Win32 = Release|Win32
	EndGlobalSection
	GlobalSection(ProjectConfigurationPlatforms) = postSolution
		{9BE99719-AA32-4463-A011-B61D55F020D6}.Debug|Win32.ActiveCfg = Debug|Win32
		{9BE99719-AA32-4463-A011-B61D55F020D6}.Debug|Win32.Build.0 = Debug|Win32
		{9BE99719-AA32-4463-A011-B61D55F020D6}.Release|Win32.ActiveCfg = Release|Win32
		{9BE99719-AA32-4463-A011-B61D55F020D6}.Release|Win32.Build.0 = Release|Win32
		{26D45404-F202-438D-80D5-E1B57B7A22E1}.Debug|Win32.ActiveCfg = Debug|Win32
		{26D45404-F202-438D-80D5-E1B57B7A22E1}.Debug|Win32.Build.0 = Debug|Win32
		{26D45404-F202-438D-80D5-E1B57B7A22E1}.Release|Win32.ActiveCfg = Release|Win32
		{26D45404-F202-438D-80D5-E1B57B7A22E1}.Release|Win32.Build.0 = Release|Win32
		{97B22865-FFCE-4BD0-ABE5-3BE707B59B88}.Debug|Win32.ActiveCfg = Debug|Win32
		{97B22865-FFCE-4BD0-ABE5-3BE707B59B88}.Debug|Win32.Build.0 = Debug|Win32
		{97B22865-FFCE-4BD0-ABE5-3BE707B59B88}.Release|Win32.ActiveCfg = Release|Win32
		{97B22865-FFCE-4BD0-ABE5-3BE707B59B88}.Release|Win32.Build.0 = Release|Win32
		{939312D6-690A-4103-92C5-4D89025BF10A}.Debug|Win32.ActiveCfg = Debug|Win32
		{939312D6-690A-4103-92C5-4D89025BF10A}.Debug|Win32.Build.0 = Debug|Win32
		{939312D6-690A-4103-92C5-4D89025BF10A}.Release|Win32.ActiveCfg = Release|Win32
		{939312D6-690A-4103-92C5-4D89025BF10A}.Release|Win32.Build.0 = Release|Win32
		{00929DA3-31A1-4853-ABCE-145385A4AC63}.Debug|Win32.ActiveCfg = Debug|Win32
		{00929DA3-31A1-4853-ABCE-145385A4AC63}.Debug|Win32.Build.0 = Debug|Win32
		{00929DA3-31A1-4853-ABCE-145385A4AC63}.Release|Win32.ActiveCfg = Release|Win32
		{00929DA3-31A1-4853-ABCE-145385A4AC63}.Release|Win32.Build.0 = Release|Win32
	EndGlobalSection
	GlobalSection(SolutionProperties) = preSolution
		HideSolutionNode = FALSE
	EndGlobalSection
EndGlobal
